
Microsoft Visual Studio Solution File, Format Version 12.00
# Visual Studio Version 17
VisualStudioVersion = 17.11.35303.130
MinimumVisualStudioVersion = 10.0.40219.1
Project("{9A19103F-16F7-4668-BE54-9A1E7A4F7556}") = "MyLibrary", "MyLibrary\MyLibrary.csproj", "{EA318051-DB0F-45F7-A5CD-974F478BE556}"
EndProject
Project("{9A19103F-16F7-4668-BE54-9A1E7A4F7556}") = "MyLibraryTest", "MyLibraryTest\MyLibraryTest.csproj", "{D85224CD-528D-43BC-962B-9F64236579FD}"
EndProject
Project("{2150E333-8FDC-42A3-9474-1A3956D46DE8}") = "Elementos de la solución", "Elementos de la solución", "{A601FF44-190B-43B3-9321-6ABE0B9BC334}"
	ProjectSection(SolutionItems) = preProject
		.gitignore = .gitignore
	EndProjectSection
EndProject
Global
	GlobalSection(SolutionConfigurationPlatforms) = preSolution
		Debug|Any CPU = Debug|Any CPU
		Release|Any CPU = Release|Any CPU
	EndGlobalSection
	GlobalSection(ProjectConfigurationPlatforms) = postSolution
		{EA318051-DB0F-45F7-A5CD-974F478BE556}.Debug|Any CPU.ActiveCfg = Debug|Any CPU
		{EA318051-DB0F-45F7-A5CD-974F478BE556}.Debug|Any CPU.Build.0 = Debug|Any CPU
		{EA318051-DB0F-45F7-A5CD-974F478BE556}.Release|Any CPU.ActiveCfg = Release|Any CPU
		{EA318051-DB0F-45F7-A5CD-974F478BE556}.Release|Any CPU.Build.0 = Release|Any CPU
		{D85224CD-528D-43BC-962B-9F64236579FD}.Debug|Any CPU.ActiveCfg = Debug|Any CPU
		{D85224CD-528D-43BC-962B-9F64236579FD}.Debug|Any CPU.Build.0 = Debug|Any CPU
		{D85224CD-528D-43BC-962B-9F64236579FD}.Release|Any CPU.ActiveCfg = Release|Any CPU
		{D85224CD-528D-43BC-962B-9F64236579FD}.Release|Any CPU.Build.0 = Release|Any CPU
	EndGlobalSection
	GlobalSection(SolutionProperties) = preSolution
		HideSolutionNode = FALSE
	EndGlobalSection
	GlobalSection(ExtensibilityGlobals) = postSolution
		SolutionGuid = {01516D4E-6255-49FD-833A-D10CC9EED0A3}
	EndGlobalSection
EndGlobal
